
Microsoft Visual Studio Solution File, Format Version 12.00
# Visual Studio 15
VisualStudioVersion = 15.0.27703.2042
MinimumVisualStudioVersion = 10.0.40219.1
Project("{FAE04EC0-301F-11D3-BF4B-00C04F79EFBC}") = "TriangleTypeChallengeUnitTest", "TriangleTypeChallengeUnitTest\TriangleTypeChallengeUnitTest.csproj", "{D4560B0D-6EB8-4CEF-9963-7EBDC64AD708}"
EndProject
Project("{FAE04EC0-301F-11D3-BF4B-00C04F79EFBC}") = "TriangleTypeChallengeClient", "TriangleTypeChallengeClient\TriangleTypeChallengeClient.csproj", "{6B609706-DB6A-452C-A3A7-48538C7E660A}"
EndProject
Project("{FAE04EC0-301F-11D3-BF4B-00C04F79EFBC}") = "TriangleTypeLibrary", "TriangleTypeLibrary\TriangleTypeLibrary.csproj", "{71058D78-D978-4C50-8DA1-3AB75E1CE791}"
EndProject
Project("{2150E333-8FDC-42A3-9474-1A3956D46DE8}") = "Solution Items", "Solution Items", "{9C5C0E78-72B6-46EB-BA04-758727564AE9}"
	ProjectSection(SolutionItems) = preProject
		.travis.yml = .travis.yml
	EndProjectSection
EndProject
Global
	GlobalSection(SolutionConfigurationPlatforms) = preSolution
		Debug|Any CPU = Debug|Any CPU
		Release|Any CPU = Release|Any CPU
	EndGlobalSection
	GlobalSection(ProjectConfigurationPlatforms) = postSolution
		{D4560B0D-6EB8-4CEF-9963-7EBDC64AD708}.Debug|Any CPU.ActiveCfg = Debug|Any CPU
		{D4560B0D-6EB8-4CEF-9963-7EBDC64AD708}.Debug|Any CPU.Build.0 = Debug|Any CPU
		{D4560B0D-6EB8-4CEF-9963-7EBDC64AD708}.Release|Any CPU.ActiveCfg = Release|Any CPU
		{D4560B0D-6EB8-4CEF-9963-7EBDC64AD708}.Release|Any CPU.Build.0 = Release|Any CPU
		{6B609706-DB6A-452C-A3A7-48538C7E660A}.Debug|Any CPU.ActiveCfg = Debug|Any CPU
		{6B609706-DB6A-452C-A3A7-48538C7E660A}.Debug|Any CPU.Build.0 = Debug|Any CPU
		{6B609706-DB6A-452C-A3A7-48538C7E660A}.Release|Any CPU.ActiveCfg = Release|Any CPU
		{6B609706-DB6A-452C-A3A7-48538C7E660A}.Release|Any CPU.Build.0 = Release|Any CPU
		{71058D78-D978-4C50-8DA1-3AB75E1CE791}.Debug|Any CPU.ActiveCfg = Debug|Any CPU
		{71058D78-D978-4C50-8DA1-3AB75E1CE791}.Debug|Any CPU.Build.0 = Debug|Any CPU
		{71058D78-D978-4C50-8DA1-3AB75E1CE791}.Release|Any CPU.ActiveCfg = Release|Any CPU
		{71058D78-D978-4C50-8DA1-3AB75E1CE791}.Release|Any CPU.Build.0 = Release|Any CPU
	EndGlobalSection
	GlobalSection(SolutionProperties) = preSolution
		HideSolutionNode = FALSE
	EndGlobalSection
	GlobalSection(ExtensibilityGlobals) = postSolution
		SolutionGuid = {B680B4CE-80F3-489D-80C2-50FDF2305222}
	EndGlobalSection
EndGlobal
